
Microsoft Visual Studio Solution File, Format Version 12.00
# Visual Studio Version 17
VisualStudioVersion = 17.2.32602.215
MinimumVisualStudioVersion = 10.0.40219.1
Project("{9A19103F-16F7-4668-BE54-9A1E7A4F7556}") = "SEP_222_2_.NET", "SEP_222_2_.NET\SEP_222_2_.NET.csproj", "{89EBC105-CB00-4B70-995C-051A0137F978}"
EndProject
Project("{FAE04EC0-301F-11D3-BF4B-00C04F79EFBC}") = "LogConfig", "LogConfig\LogConfig.csproj", "{68181FEE-5D2C-4EE5-A771-09C32145FFEF}"
EndProject
Global
	GlobalSection(SolutionConfigurationPlatforms) = preSolution
		Debug|Any CPU = Debug|Any CPU
		Release|Any CPU = Release|Any CPU
	EndGlobalSection
	GlobalSection(ProjectConfigurationPlatforms) = postSolution
		{89EBC105-CB00-4B70-995C-051A0137F978}.Debug|Any CPU.ActiveCfg = Debug|Any CPU
		{89EBC105-CB00-4B70-995C-051A0137F978}.Debug|Any CPU.Build.0 = Debug|Any CPU
		{89EBC105-CB00-4B70-995C-051A0137F978}.Release|Any CPU.ActiveCfg = Release|Any CPU
		{89EBC105-CB00-4B70-995C-051A0137F978}.Release|Any CPU.Build.0 = Release|Any CPU
		{68181FEE-5D2C-4EE5-A771-09C32145FFEF}.Debug|Any CPU.ActiveCfg = Debug|Any CPU
		{68181FEE-5D2C-4EE5-A771-09C32145FFEF}.Debug|Any CPU.Build.0 = Debug|Any CPU
		{68181FEE-5D2C-4EE5-A771-09C32145FFEF}.Release|Any CPU.ActiveCfg = Release|Any CPU
		{68181FEE-5D2C-4EE5-A771-09C32145FFEF}.Release|Any CPU.Build.0 = Release|Any CPU
	EndGlobalSection
	GlobalSection(SolutionProperties) = preSolution
		HideSolutionNode = FALSE
	EndGlobalSection
	GlobalSection(ExtensibilityGlobals) = postSolution
		SolutionGuid = {29C61A23-2020-42EA-8B17-18479CBEBAEF}
	EndGlobalSection
EndGlobal
