
Microsoft Visual Studio Solution File, Format Version 12.00
# Visual Studio Version 17
VisualStudioVersion = 17.2.32602.215
MinimumVisualStudioVersion = 10.0.40219.1
Project("{9A19103F-16F7-4668-BE54-9A1E7A4F7556}") = "SEP_222_2_.NET", "SEP_222_2_.NET\SEP_222_2_.NET.csproj", "{89EBC105-CB00-4B70-995C-051A0137F978}"
EndProject
Project("{9A19103F-16F7-4668-BE54-9A1E7A4F7556}") = "LogConfig", "LogConfig\LogConfig.csproj", "{68181FEE-5D2C-4EE5-A771-09C32145FFEF}"
EndProject
Project("{9A19103F-16F7-4668-BE54-9A1E7A4F7556}") = "OOP", "OOP\OOP.csproj", "{728AB36C-6729-4091-A7F9-FFE56D498F50}"
EndProject
Project("{9A19103F-16F7-4668-BE54-9A1E7A4F7556}") = "MyInterface", "MyInterface\MyInterface.csproj", "{1EB33F54-11E8-4A2D-BBA8-02E1470E5707}"
EndProject
Project("{9A19103F-16F7-4668-BE54-9A1E7A4F7556}") = "MyString", "MyString\MyString.csproj", "{2D391BCD-CE0A-4F28-BD41-17055363B77F}"
EndProject
Project("{FAE04EC0-301F-11D3-BF4B-00C04F79EFBC}") = "MyLinq", "MyLinq\MyLinq.csproj", "{B114162B-FDEC-4533-9B36-289B7499FC78}"
EndProject
Project("{9A19103F-16F7-4668-BE54-9A1E7A4F7556}") = "MyList", "MyList\MyList.csproj", "{8B3A803D-0E63-44B7-9EBA-994776231BE2}"
EndProject
Project("{FAE04EC0-301F-11D3-BF4B-00C04F79EFBC}") = "MyDocument", "MyDocument\MyDocument.csproj", "{ECF38CD6-3DD8-4385-8D79-ADC52EC2B49B}"
EndProject
Project("{FAE04EC0-301F-11D3-BF4B-00C04F79EFBC}") = "MyDelegate", "MyDelegate\MyDelegate.csproj", "{8BE37972-FD6E-4830-950F-9A7F87A9FDB7}"
EndProject
Global
	GlobalSection(SolutionConfigurationPlatforms) = preSolution
		Debug|Any CPU = Debug|Any CPU
		Release|Any CPU = Release|Any CPU
	EndGlobalSection
	GlobalSection(ProjectConfigurationPlatforms) = postSolution
		{89EBC105-CB00-4B70-995C-051A0137F978}.Debug|Any CPU.ActiveCfg = Debug|Any CPU
		{89EBC105-CB00-4B70-995C-051A0137F978}.Debug|Any CPU.Build.0 = Debug|Any CPU
		{89EBC105-CB00-4B70-995C-051A0137F978}.Release|Any CPU.ActiveCfg = Release|Any CPU
		{89EBC105-CB00-4B70-995C-051A0137F978}.Release|Any CPU.Build.0 = Release|Any CPU
		{68181FEE-5D2C-4EE5-A771-09C32145FFEF}.Debug|Any CPU.ActiveCfg = Debug|Any CPU
		{68181FEE-5D2C-4EE5-A771-09C32145FFEF}.Debug|Any CPU.Build.0 = Debug|Any CPU
		{68181FEE-5D2C-4EE5-A771-09C32145FFEF}.Release|Any CPU.ActiveCfg = Release|Any CPU
		{68181FEE-5D2C-4EE5-A771-09C32145FFEF}.Release|Any CPU.Build.0 = Release|Any CPU
		{728AB36C-6729-4091-A7F9-FFE56D498F50}.Debug|Any CPU.ActiveCfg = Debug|Any CPU
		{728AB36C-6729-4091-A7F9-FFE56D498F50}.Debug|Any CPU.Build.0 = Debug|Any CPU
		{728AB36C-6729-4091-A7F9-FFE56D498F50}.Release|Any CPU.ActiveCfg = Release|Any CPU
		{728AB36C-6729-4091-A7F9-FFE56D498F50}.Release|Any CPU.Build.0 = Release|Any CPU
		{1EB33F54-11E8-4A2D-BBA8-02E1470E5707}.Debug|Any CPU.ActiveCfg = Debug|Any CPU
		{1EB33F54-11E8-4A2D-BBA8-02E1470E5707}.Debug|Any CPU.Build.0 = Debug|Any CPU
		{1EB33F54-11E8-4A2D-BBA8-02E1470E5707}.Release|Any CPU.ActiveCfg = Release|Any CPU
		{1EB33F54-11E8-4A2D-BBA8-02E1470E5707}.Release|Any CPU.Build.0 = Release|Any CPU
		{2D391BCD-CE0A-4F28-BD41-17055363B77F}.Debug|Any CPU.ActiveCfg = Debug|Any CPU
		{2D391BCD-CE0A-4F28-BD41-17055363B77F}.Debug|Any CPU.Build.0 = Debug|Any CPU
		{2D391BCD-CE0A-4F28-BD41-17055363B77F}.Release|Any CPU.ActiveCfg = Release|Any CPU
		{2D391BCD-CE0A-4F28-BD41-17055363B77F}.Release|Any CPU.Build.0 = Release|Any CPU
		{B114162B-FDEC-4533-9B36-289B7499FC78}.Debug|Any CPU.ActiveCfg = Debug|Any CPU
		{B114162B-FDEC-4533-9B36-289B7499FC78}.Debug|Any CPU.Build.0 = Debug|Any CPU
		{B114162B-FDEC-4533-9B36-289B7499FC78}.Release|Any CPU.ActiveCfg = Release|Any CPU
		{B114162B-FDEC-4533-9B36-289B7499FC78}.Release|Any CPU.Build.0 = Release|Any CPU
		{8B3A803D-0E63-44B7-9EBA-994776231BE2}.Debug|Any CPU.ActiveCfg = Debug|Any CPU
		{8B3A803D-0E63-44B7-9EBA-994776231BE2}.Debug|Any CPU.Build.0 = Debug|Any CPU
		{8B3A803D-0E63-44B7-9EBA-994776231BE2}.Release|Any CPU.ActiveCfg = Release|Any CPU
		{8B3A803D-0E63-44B7-9EBA-994776231BE2}.Release|Any CPU.Build.0 = Release|Any CPU
		{ECF38CD6-3DD8-4385-8D79-ADC52EC2B49B}.Debug|Any CPU.ActiveCfg = Debug|Any CPU
		{ECF38CD6-3DD8-4385-8D79-ADC52EC2B49B}.Debug|Any CPU.Build.0 = Debug|Any CPU
		{ECF38CD6-3DD8-4385-8D79-ADC52EC2B49B}.Release|Any CPU.ActiveCfg = Release|Any CPU
		{ECF38CD6-3DD8-4385-8D79-ADC52EC2B49B}.Release|Any CPU.Build.0 = Release|Any CPU
		{8BE37972-FD6E-4830-950F-9A7F87A9FDB7}.Debug|Any CPU.ActiveCfg = Debug|Any CPU
		{8BE37972-FD6E-4830-950F-9A7F87A9FDB7}.Debug|Any CPU.Build.0 = Debug|Any CPU
		{8BE37972-FD6E-4830-950F-9A7F87A9FDB7}.Release|Any CPU.ActiveCfg = Release|Any CPU
		{8BE37972-FD6E-4830-950F-9A7F87A9FDB7}.Release|Any CPU.Build.0 = Release|Any CPU
	EndGlobalSection
	GlobalSection(SolutionProperties) = preSolution
		HideSolutionNode = FALSE
	EndGlobalSection
	GlobalSection(ExtensibilityGlobals) = postSolution
		SolutionGuid = {29C61A23-2020-42EA-8B17-18479CBEBAEF}
	EndGlobalSection
EndGlobal
